// !$*UTF8*$!
{
	archiveVersion = 1;
	classes = {
	};
	objectVersion = 55;
	objects = {

/* Begin PBXBuildFile section */
		A3D35AE2280B406C00F9D586 /* AppDelegate.swift in Sources */ = {isa = PBXBuildFile; fileRef = A3D35AE1280B406C00F9D586 /* AppDelegate.swift */; };
		A3D35AE4280B406C00F9D586 /* SceneDelegate.swift in Sources */ = {isa = PBXBuildFile; fileRef = A3D35AE3280B406C00F9D586 /* SceneDelegate.swift */; };
		A3D35AE6280B406C00F9D586 /* ViewController.swift in Sources */ = {isa = PBXBuildFile; fileRef = A3D35AE5280B406C00F9D586 /* ViewController.swift */; };
		A3D35AE9280B406C00F9D586 /* Main.storyboard in Resources */ = {isa = PBXBuildFile; fileRef = A3D35AE7280B406C00F9D586 /* Main.storyboard */; };
		A3D35AEB280B406E00F9D586 /* Assets.xcassets in Resources */ = {isa = PBXBuildFile; fileRef = A3D35AEA280B406E00F9D586 /* Assets.xcassets */; };
		A3D35AEE280B406E00F9D586 /* LaunchScreen.storyboard in Resources */ = {isa = PBXBuildFile; fileRef = A3D35AEC280B406E00F9D586 /* LaunchScreen.storyboard */; };
		A3D35AFB280B46E400F9D586 /* Discount.swift in Sources */ = {isa = PBXBuildFile; fileRef = A3D35AFA280B46E400F9D586 /* Discount.swift */; };
		A3D35AFD280B47E200F9D586 /* DiscountView.swift in Sources */ = {isa = PBXBuildFile; fileRef = A3D35AFC280B47E200F9D586 /* DiscountView.swift */; };
		A3D35AFF280B480200F9D586 /* DiscountView.xib in Resources */ = {isa = PBXBuildFile; fileRef = A3D35AFE280B480200F9D586 /* DiscountView.xib */; };
/* End PBXBuildFile section */

/* Begin PBXFileReference section */
		A3D35ADE280B406C00F9D586 /* Challenge.app */ = {isa = PBXFileReference; explicitFileType = wrapper.application; includeInIndex = 0; path = Challenge.app; sourceTree = BUILT_PRODUCTS_DIR; };
		A3D35AE1280B406C00F9D586 /* AppDelegate.swift */ = {isa = PBXFileReference; lastKnownFileType = sourcecode.swift; path = AppDelegate.swift; sourceTree = "<group>"; };
		A3D35AE3280B406C00F9D586 /* SceneDelegate.swift */ = {isa = PBXFileReference; lastKnownFileType = sourcecode.swift; path = SceneDelegate.swift; sourceTree = "<group>"; };
		A3D35AE5280B406C00F9D586 /* ViewController.swift */ = {isa = PBXFileReference; lastKnownFileType = sourcecode.swift; path = ViewController.swift; sourceTree = "<group>"; };
		A3D35AE8280B406C00F9D586 /* Base */ = {isa = PBXFileReference; lastKnownFileType = file.storyboard; name = Base; path = Base.lproj/Main.storyboard; sourceTree = "<group>"; };
		A3D35AEA280B406E00F9D586 /* Assets.xcassets */ = {isa = PBXFileReference; lastKnownFileType = folder.assetcatalog; path = Assets.xcassets; sourceTree = "<group>"; };
		A3D35AED280B406E00F9D586 /* Base */ = {isa = PBXFileReference; lastKnownFileType = file.storyboard; name = Base; path = Base.lproj/LaunchScreen.storyboard; sourceTree = "<group>"; };
		A3D35AEF280B406E00F9D586 /* Info.plist */ = {isa = PBXFileReference; lastKnownFileType = text.plist.xml; path = Info.plist; sourceTree = "<group>"; };
		A3D35AF9280B46A800F9D586 /* data.json */ = {isa = PBXFileReference; lastKnownFileType = text.json; path = data.json; sourceTree = "<group>"; };
		A3D35AFA280B46E400F9D586 /* Discount.swift */ = {isa = PBXFileReference; lastKnownFileType = sourcecode.swift; path = Discount.swift; sourceTree = "<group>"; };
		A3D35AFC280B47E200F9D586 /* DiscountView.swift */ = {isa = PBXFileReference; lastKnownFileType = sourcecode.swift; path = DiscountView.swift; sourceTree = "<group>"; };
		A3D35AFE280B480200F9D586 /* DiscountView.xib */ = {isa = PBXFileReference; lastKnownFileType = file.xib; path = DiscountView.xib; sourceTree = "<group>"; };
/* End PBXFileReference section */

/* Begin PBXFrameworksBuildPhase section */
		A3D35ADB280B406C00F9D586 /* Frameworks */ = {
			isa = PBXFrameworksBuildPhase;
			buildActionMask = 2147483647;
			files = (
			);
			runOnlyForDeploymentPostprocessing = 0;
		};
/* End PBXFrameworksBuildPhase section */

/* Begin PBXGroup section */
		A3D35AD5280B406C00F9D586 = {
			isa = PBXGroup;
			children = (
				A3D35AE0280B406C00F9D586 /* Challenge */,
				A3D35ADF280B406C00F9D586 /* Products */,
			);
			sourceTree = "<group>";
		};
		A3D35ADF280B406C00F9D586 /* Products */ = {
			isa = PBXGroup;
			children = (
				A3D35ADE280B406C00F9D586 /* Challenge.app */,
			);
			name = Products;
			sourceTree = "<group>";
		};
		A3D35AE0280B406C00F9D586 /* Challenge */ = {
			isa = PBXGroup;
			children = (
				A3D35AF8280B467900F9D586 /* Assests */,
				A3D35AF7280B467000F9D586 /* Model */,
				A3D35AF6280B466400F9D586 /* ReusableViews */,
				A3D35AE1280B406C00F9D586 /* AppDelegate.swift */,
				A3D35AE3280B406C00F9D586 /* SceneDelegate.swift */,
				A3D35AE5280B406C00F9D586 /* ViewController.swift */,
				A3D35AE7280B406C00F9D586 /* Main.storyboard */,
				A3D35AEA280B406E00F9D586 /* Assets.xcassets */,
				A3D35AEC280B406E00F9D586 /* LaunchScreen.storyboard */,
				A3D35AEF280B406E00F9D586 /* Info.plist */,
			);
			path = Challenge;
			sourceTree = "<group>";
		};
		A3D35AF6280B466400F9D586 /* ReusableViews */ = {
			isa = PBXGroup;
			children = (
				A3D35AFC280B47E200F9D586 /* DiscountView.swift */,
				A3D35AFE280B480200F9D586 /* DiscountView.xib */,
			);
			path = ReusableViews;
			sourceTree = "<group>";
		};
		A3D35AF7280B467000F9D586 /* Model */ = {
			isa = PBXGroup;
			children = (
				A3D35AFA280B46E400F9D586 /* Discount.swift */,
			);
			path = Model;
			sourceTree = "<group>";
		};
		A3D35AF8280B467900F9D586 /* Assests */ = {
			isa = PBXGroup;
			children = (
				A3D35AF9280B46A800F9D586 /* data.json */,
			);
			path = Assests;
			sourceTree = "<group>";
		};
/* End PBXGroup section */

/* Begin PBXNativeTarget section */
		A3D35ADD280B406C00F9D586 /* Challenge */ = {
			isa = PBXNativeTarget;
			buildConfigurationList = A3D35AF2280B406E00F9D586 /* Build configuration list for PBXNativeTarget "Challenge" */;
			buildPhases = (
				A3D35ADA280B406C00F9D586 /* Sources */,
				A3D35ADB280B406C00F9D586 /* Frameworks */,
				A3D35ADC280B406C00F9D586 /* Resources */,
			);
			buildRules = (
			);
			dependencies = (
			);
			name = Challenge;
			productName = Challenge;
			productReference = A3D35ADE280B406C00F9D586 /* Challenge.app */;
			productType = "com.apple.product-type.application";
		};
/* End PBXNativeTarget section */

/* Begin PBXProject section */
		A3D35AD6280B406C00F9D586 /* Project object */ = {
			isa = PBXProject;
			attributes = {
				BuildIndependentTargetsInParallel = 1;
				LastSwiftUpdateCheck = 1330;
				LastUpgradeCheck = 1330;
				TargetAttributes = {
					A3D35ADD280B406C00F9D586 = {
						CreatedOnToolsVersion = 13.3.1;
					};
				};
			};
			buildConfigurationList = A3D35AD9280B406C00F9D586 /* Build configuration list for PBXProject "Challenge" */;
			compatibilityVersion = "Xcode 13.0";
			developmentRegion = en;
			hasScannedForEncodings = 0;
			knownRegions = (
				en,
				Base,
			);
			mainGroup = A3D35AD5280B406C00F9D586;
			productRefGroup = A3D35ADF280B406C00F9D586 /* Products */;
			projectDirPath = "";
			projectRoot = "";
			targets = (
				A3D35ADD280B406C00F9D586 /* Challenge */,
			);
		};
/* End PBXProject section */

/* Begin PBXResourcesBuildPhase section */
		A3D35ADC280B406C00F9D586 /* Resources */ = {
			isa = PBXResourcesBuildPhase;
			buildActionMask = 2147483647;
			files = (
				A3D35AEE280B406E00F9D586 /* LaunchScreen.storyboard in Resources */,
				A3D35AFF280B480200F9D586 /* DiscountView.xib in Resources */,
				A3D35AEB280B406E00F9D586 /* Assets.xcassets in Resources */,
				A3D35AE9280B406C00F9D586 /* Main.storyboard in Resources */,
			);
			runOnlyForDeploymentPostprocessing = 0;
		};
/* End PBXResourcesBuildPhase section */

/* Begin PBXSourcesBuildPhase section */
		A3D35ADA280B406C00F9D586 /* Sources */ = {
			isa = PBXSourcesBuildPhase;
			buildActionMask = 2147483647;
			files = (
				A3D35AE6280B406C00F9D586 /* ViewController.swift in Sources */,
				A3D35AE2280B406C00F9D586 /* AppDelegate.swift in Sources */,
				A3D35AFB280B46E400F9D586 /* Discount.swift in Sources */,
				A3D35AFD280B47E200F9D586 /* DiscountView.swift in Sources */,
				A3D35AE4280B406C00F9D586 /* SceneDelegate.swift in Sources */,
			);
			runOnlyForDeploymentPostprocessing = 0;
		};
/* End PBXSourcesBuildPhase section */

/* Begin PBXVariantGroup section */
		A3D35AE7280B406C00F9D586 /* Main.storyboard */ = {
			isa = PBXVariantGroup;
			children = (
				A3D35AE8280B406C00F9D586 /* Base */,
			);
			name = Main.storyboard;
			sourceTree = "<group>";
		};
		A3D35AEC280B406E00F9D586 /* LaunchScreen.storyboard */ = {
			isa = PBXVariantGroup;
			children = (
				A3D35AED280B406E00F9D586 /* Base */,
			);
			name = LaunchScreen.storyboard;
			sourceTree = "<group>";
		};
/* End PBXVariantGroup section */

/* Begin XCBuildConfiguration section */
		A3D35AF0280B406E00F9D586 /* Debug */ = {
			isa = XCBuildConfiguration;
			buildSettings = {
				ALWAYS_SEARCH_USER_PATHS = NO;
				CLANG_ANALYZER_NONNULL = YES;
				CLANG_ANALYZER_NUMBER_OBJECT_CONVERSION = YES_AGGRESSIVE;
				CLANG_CXX_LANGUAGE_STANDARD = "gnu++17";
				CLANG_ENABLE_MODULES = YES;
				CLANG_ENABLE_OBJC_ARC = YES;
				CLANG_ENABLE_OBJC_WEAK = YES;
				CLANG_WARN_BLOCK_CAPTURE_AUTORELEASING = YES;
				CLANG_WARN_BOOL_CONVERSION = YES;
				CLANG_WARN_COMMA = YES;
				CLANG_WARN_CONSTANT_CONVERSION = YES;
				CLANG_WARN_DEPRECATED_OBJC_IMPLEMENTATIONS = YES;
				CLANG_WARN_DIRECT_OBJC_ISA_USAGE = YES_ERROR;
				CLANG_WARN_DOCUMENTATION_COMMENTS = YES;
				CLANG_WARN_EMPTY_BODY = YES;
				CLANG_WARN_ENUM_CONVERSION = YES;
				CLANG_WARN_INFINITE_RECURSION = YES;
				CLANG_WARN_INT_CONVERSION = YES;
				CLANG_WARN_NON_LITERAL_NULL_CONVERSION = YES;
				CLANG_WARN_OBJC_IMPLICIT_RETAIN_SELF = YES;
				CLANG_WARN_OBJC_LITERAL_CONVERSION = YES;
				CLANG_WARN_OBJC_ROOT_CLASS = YES_ERROR;
				CLANG_WARN_QUOTED_INCLUDE_IN_FRAMEWORK_HEADER = YES;
				CLANG_WARN_RANGE_LOOP_ANALYSIS = YES;
				CLANG_WARN_STRICT_PROTOTYPES = YES;
				CLANG_WARN_SUSPICIOUS_MOVE = YES;
				CLANG_WARN_UNGUARDED_AVAILABILITY = YES_AGGRESSIVE;
				CLANG_WARN_UNREACHABLE_CODE = YES;
				CLANG_WARN__DUPLICATE_METHOD_MATCH = YES;
				COPY_PHASE_STRIP = NO;
				DEBUG_INFORMATION_FORMAT = dwarf;
				ENABLE_STRICT_OBJC_MSGSEND = YES;
				ENABLE_TESTABILITY = YES;
				GCC_C_LANGUAGE_STANDARD = gnu11;
				GCC_DYNAMIC_NO_PIC = NO;
				GCC_NO_COMMON_BLOCKS = YES;
				GCC_OPTIMIZATION_LEVEL = 0;
				GCC_PREPROCESSOR_DEFINITIONS = (
					"DEBUG=1",
					"$(inherited)",
				);
				GCC_WARN_64_TO_32_BIT_CONVERSION = YES;
				GCC_WARN_ABOUT_RETURN_TYPE = YES_ERROR;
				GCC_WARN_UNDECLARED_SELECTOR = YES;
				GCC_WARN_UNINITIALIZED_AUTOS = YES_AGGRESSIVE;
				GCC_WARN_UNUSED_FUNCTION = YES;
				GCC_WARN_UNUSED_VARIABLE = YES;
				IPHONEOS_DEPLOYMENT_TARGET = 15.4;
				MTL_ENABLE_DEBUG_INFO = INCLUDE_SOURCE;
				MTL_FAST_MATH = YES;
				ONLY_ACTIVE_ARCH = YES;
				SDKROOT = iphoneos;
				SWIFT_ACTIVE_COMPILATION_CONDITIONS = DEBUG;
				SWIFT_OPTIMIZATION_LEVEL = "-Onone";
			};
			name = Debug;
		};
		A3D35AF1280B406E00F9D586 /* Release */ = {
			isa = XCBuildConfiguration;
			buildSettings = {
				ALWAYS_SEARCH_USER_PATHS = NO;
				CLANG_ANALYZER_NONNULL = YES;
				CLANG_ANALYZER_NUMBER_OBJECT_CONVERSION = YES_AGGRESSIVE;
				CLANG_CXX_LANGUAGE_STANDARD = "gnu++17";
				CLANG_ENABLE_MODULES = YES;
				CLANG_ENABLE_OBJC_ARC = YES;
				CLANG_ENABLE_OBJC_WEAK = YES;
				CLANG_WARN_BLOCK_CAPTURE_AUTORELEASING = YES;
				CLANG_WARN_BOOL_CONVERSION = YES;
				CLANG_WARN_COMMA = YES;
				CLANG_WARN_CONSTANT_CONVERSION = YES;
				CLANG_WARN_DEPRECATED_OBJC_IMPLEMENTATIONS = YES;
				CLANG_WARN_DIRECT_OBJC_ISA_USAGE = YES_ERROR;
				CLANG_WARN_DOCUMENTATION_COMMENTS = YES;
				CLANG_WARN_EMPTY_BODY = YES;
				CLANG_WARN_ENUM_CONVERSION = YES;
				CLANG_WARN_INFINITE_RECURSION = YES;
				CLANG_WARN_INT_CONVERSION = YES;
				CLANG_WARN_NON_LITERAL_NULL_CONVERSION = YES;
				CLANG_WARN_OBJC_IMPLICIT_RETAIN_SELF = YES;
				CLANG_WARN_OBJC_LITERAL_CONVERSION = YES;
				CLANG_WARN_OBJC_ROOT_CLASS = YES_ERROR;
				CLANG_WARN_QUOTED_INCLUDE_IN_FRAMEWORK_HEADER = YES;
				CLANG_WARN_RANGE_LOOP_ANALYSIS = YES;
				CLANG_WARN_STRICT_PROTOTYPES = YES;
				CLANG_WARN_SUSPICIOUS_MOVE = YES;
				CLANG_WARN_UNGUARDED_AVAILABILITY = YES_AGGRESSIVE;
				CLANG_WARN_UNREACHABLE_CODE = YES;
				CLANG_WARN__DUPLICATE_METHOD_MATCH = YES;
				COPY_PHASE_STRIP = NO;
				DEBUG_INFORMATION_FORMAT = "dwarf-with-dsym";
				ENABLE_NS_ASSERTIONS = NO;
				ENABLE_STRICT_OBJC_MSGSEND = YES;
				GCC_C_LANGUAGE_STANDARD = gnu11;
				GCC_NO_COMMON_BLOCKS = YES;
				GCC_WARN_64_TO_32_BIT_CONVERSION = YES;
				GCC_WARN_ABOUT_RETURN_TYPE = YES_ERROR;
				GCC_WARN_UNDECLARED_SELECTOR = YES;
				GCC_WARN_UNINITIALIZED_AUTOS = YES_AGGRESSIVE;
				GCC_WARN_UNUSED_FUNCTION = YES;
				GCC_WARN_UNUSED_VARIABLE = YES;
				IPHONEOS_DEPLOYMENT_TARGET = 15.4;
				MTL_ENABLE_DEBUG_INFO = NO;
				MTL_FAST_MATH = YES;
				SDKROOT = iphoneos;
				SWIFT_COMPILATION_MODE = wholemodule;
				SWIFT_OPTIMIZATION_LEVEL = "-O";
				VALIDATE_PRODUCT = YES;
			};
			name = Release;
		};
		A3D35AF3280B406E00F9D586 /* Debug */ = {
			isa = XCBuildConfiguration;
			buildSettings = {
				ASSETCATALOG_COMPILER_APPICON_NAME = AppIcon;
				ASSETCATALOG_COMPILER_GLOBAL_ACCENT_COLOR_NAME = AccentColor;
				CODE_SIGN_STYLE = Automatic;
				CURRENT_PROJECT_VERSION = 1;
				DEVELOPMENT_TEAM = TBABXXTCTL;
				GENERATE_INFOPLIST_FILE = YES;
				INFOPLIST_FILE = Challenge/Info.plist;
				INFOPLIST_KEY_UIApplicationSupportsIndirectInputEvents = YES;
				INFOPLIST_KEY_UILaunchStoryboardName = LaunchScreen;
				INFOPLIST_KEY_UIMainStoryboardFile = Main;
				INFOPLIST_KEY_UISupportedInterfaceOrientations_iPad = "UIInterfaceOrientationPortrait UIInterfaceOrientationPortraitUpsideDown UIInterfaceOrientationLandscapeLeft UIInterfaceOrientationLandscapeRight";
				INFOPLIST_KEY_UISupportedInterfaceOrientations_iPhone = "UIInterfaceOrientationPortrait UIInterfaceOrientationLandscapeLeft UIInterfaceOrientationLandscapeRight";
				LD_RUNPATH_SEARCH_PATHS = (
					"$(inherited)",
					"@executable_path/Frameworks",
				);
				MARKETING_VERSION = 1.0;
				PRODUCT_BUNDLE_IDENTIFIER = com.bkoc.trkcll.Challenge;
				PRODUCT_NAME = "$(TARGET_NAME)";
				SWIFT_EMIT_LOC_STRINGS = YES;
				SWIFT_VERSION = 5.0;
				TARGETED_DEVICE_FAMILY = "1,2";
			};
			name = Debug;
		};
		A3D35AF4280B406E00F9D586 /* Release */ = {
			isa = XCBuildConfiguration;
			buildSettings = {
				ASSETCATALOG_COMPILER_APPICON_NAME = AppIcon;
				ASSETCATALOG_COMPILER_GLOBAL_ACCENT_COLOR_NAME = AccentColor;
				CODE_SIGN_STYLE = Automatic;
				CURRENT_PROJECT_VERSION = 1;
				DEVELOPMENT_TEAM = TBABXXTCTL;
				GENERATE_INFOPLIST_FILE = YES;
				INFOPLIST_FILE = Challenge/Info.plist;
				INFOPLIST_KEY_UIApplicationSupportsIndirectInputEvents = YES;
				INFOPLIST_KEY_UILaunchStoryboardName = LaunchScreen;
				INFOPLIST_KEY_UIMainStoryboardFile = Main;
				INFOPLIST_KEY_UISupportedInterfaceOrientations_iPad = "UIInterfaceOrientationPortrait UIInterfaceOrientationPortraitUpsideDown UIInterfaceOrientationLandscapeLeft UIInterfaceOrientationLandscapeRight";
				INFOPLIST_KEY_UISupportedInterfaceOrientations_iPhone = "UIInterfaceOrientationPortrait UIInterfaceOrientationLandscapeLeft UIInterfaceOrientationLandscapeRight";
				LD_RUNPATH_SEARCH_PATHS = (
					"$(inherited)",
					"@executable_path/Frameworks",
				);
				MARKETING_VERSION = 1.0;
				PRODUCT_BUNDLE_IDENTIFIER = com.bkoc.trkcll.Challenge;
				PRODUCT_NAME = "$(TARGET_NAME)";
				SWIFT_EMIT_LOC_STRINGS = YES;
				SWIFT_VERSION = 5.0;
				TARGETED_DEVICE_FAMILY = "1,2";
			};
			name = Release;
		};
/* End XCBuildConfiguration section */

/* Begin XCConfigurationList section */
		A3D35AD9280B406C00F9D586 /* Build configuration list for PBXProject "Challenge" */ = {
			isa = XCConfigurationList;
			buildConfigurations = (
				A3D35AF0280B406E00F9D586 /* Debug */,
				A3D35AF1280B406E00F9D586 /* Release */,
			);
			defaultConfigurationIsVisible = 0;
			defaultConfigurationName = Release;
		};
		A3D35AF2280B406E00F9D586 /* Build configuration list for PBXNativeTarget "Challenge" */ = {
			isa = XCConfigurationList;
			buildConfigurations = (
				A3D35AF3280B406E00F9D586 /* Debug */,
				A3D35AF4280B406E00F9D586 /* Release */,
			);
			defaultConfigurationIsVisible = 0;
			defaultConfigurationName = Release;
		};
/* End XCConfigurationList section */
	};
	rootObject = A3D35AD6280B406C00F9D586 /* Project object */;
}
