// !$*UTF8*$!
{
	archiveVersion = 1;
	classes = {
	};
	objectVersion = 55;
	objects = {

/* Begin PBXBuildFile section */
		A31A2EA427D343D900C26994 /* AppDelegate.swift in Sources */ = {isa = PBXBuildFile; fileRef = A31A2EA327D343D900C26994 /* AppDelegate.swift */; };
		A31A2EA627D343D900C26994 /* SceneDelegate.swift in Sources */ = {isa = PBXBuildFile; fileRef = A31A2EA527D343D900C26994 /* SceneDelegate.swift */; };
		A31A2EA827D343D900C26994 /* ReservationLayoutViewController.swift in Sources */ = {isa = PBXBuildFile; fileRef = A31A2EA727D343D900C26994 /* ReservationLayoutViewController.swift */; };
		A31A2EAB27D343D900C26994 /* Main.storyboard in Resources */ = {isa = PBXBuildFile; fileRef = A31A2EA927D343D900C26994 /* Main.storyboard */; };
		A31A2EAE27D343D900C26994 /* week9.xcdatamodeld in Sources */ = {isa = PBXBuildFile; fileRef = A31A2EAC27D343D900C26994 /* week9.xcdatamodeld */; };
		A31A2EB027D343DA00C26994 /* Assets.xcassets in Resources */ = {isa = PBXBuildFile; fileRef = A31A2EAF27D343DA00C26994 /* Assets.xcassets */; };
		A31A2EB327D343DA00C26994 /* LaunchScreen.storyboard in Resources */ = {isa = PBXBuildFile; fileRef = A31A2EB127D343DA00C26994 /* LaunchScreen.storyboard */; };
		A31A2EBD27D3442000C26994 /* CodeSendRequestModel.swift in Sources */ = {isa = PBXBuildFile; fileRef = A31A2EBC27D3442000C26994 /* CodeSendRequestModel.swift */; };
		A31A2EBF27D3443000C26994 /* CodeCheckRequestModel.swift in Sources */ = {isa = PBXBuildFile; fileRef = A31A2EBE27D3443000C26994 /* CodeCheckRequestModel.swift */; };
		A31A2EC327D344B200C26994 /* ReservationInsertCell.swift in Sources */ = {isa = PBXBuildFile; fileRef = A31A2EC127D344B200C26994 /* ReservationInsertCell.swift */; };
		A31A2EC427D344B200C26994 /* ReservationInsertCell.xib in Resources */ = {isa = PBXBuildFile; fileRef = A31A2EC227D344B200C26994 /* ReservationInsertCell.xib */; };
/* End PBXBuildFile section */

/* Begin PBXFileReference section */
		A31A2EA027D343D900C26994 /* week9.app */ = {isa = PBXFileReference; explicitFileType = wrapper.application; includeInIndex = 0; path = week9.app; sourceTree = BUILT_PRODUCTS_DIR; };
		A31A2EA327D343D900C26994 /* AppDelegate.swift */ = {isa = PBXFileReference; lastKnownFileType = sourcecode.swift; path = AppDelegate.swift; sourceTree = "<group>"; };
		A31A2EA527D343D900C26994 /* SceneDelegate.swift */ = {isa = PBXFileReference; lastKnownFileType = sourcecode.swift; path = SceneDelegate.swift; sourceTree = "<group>"; };
		A31A2EA727D343D900C26994 /* ReservationLayoutViewController.swift */ = {isa = PBXFileReference; lastKnownFileType = sourcecode.swift; path = ReservationLayoutViewController.swift; sourceTree = "<group>"; };
		A31A2EAA27D343D900C26994 /* Base */ = {isa = PBXFileReference; lastKnownFileType = file.storyboard; name = Base; path = Base.lproj/Main.storyboard; sourceTree = "<group>"; };
		A31A2EAD27D343D900C26994 /* week9.xcdatamodel */ = {isa = PBXFileReference; lastKnownFileType = wrapper.xcdatamodel; path = week9.xcdatamodel; sourceTree = "<group>"; };
		A31A2EAF27D343DA00C26994 /* Assets.xcassets */ = {isa = PBXFileReference; lastKnownFileType = folder.assetcatalog; path = Assets.xcassets; sourceTree = "<group>"; };
		A31A2EB227D343DA00C26994 /* Base */ = {isa = PBXFileReference; lastKnownFileType = file.storyboard; name = Base; path = Base.lproj/LaunchScreen.storyboard; sourceTree = "<group>"; };
		A31A2EB427D343DA00C26994 /* Info.plist */ = {isa = PBXFileReference; lastKnownFileType = text.plist.xml; path = Info.plist; sourceTree = "<group>"; };
		A31A2EBC27D3442000C26994 /* CodeSendRequestModel.swift */ = {isa = PBXFileReference; lastKnownFileType = sourcecode.swift; path = CodeSendRequestModel.swift; sourceTree = "<group>"; };
		A31A2EBE27D3443000C26994 /* CodeCheckRequestModel.swift */ = {isa = PBXFileReference; lastKnownFileType = sourcecode.swift; path = CodeCheckRequestModel.swift; sourceTree = "<group>"; };
		A31A2EC127D344B200C26994 /* ReservationInsertCell.swift */ = {isa = PBXFileReference; lastKnownFileType = sourcecode.swift; path = ReservationInsertCell.swift; sourceTree = "<group>"; };
		A31A2EC227D344B200C26994 /* ReservationInsertCell.xib */ = {isa = PBXFileReference; lastKnownFileType = file.xib; path = ReservationInsertCell.xib; sourceTree = "<group>"; };
/* End PBXFileReference section */

/* Begin PBXFrameworksBuildPhase section */
		A31A2E9D27D343D900C26994 /* Frameworks */ = {
			isa = PBXFrameworksBuildPhase;
			buildActionMask = 2147483647;
			files = (
			);
			runOnlyForDeploymentPostprocessing = 0;
		};
/* End PBXFrameworksBuildPhase section */

/* Begin PBXGroup section */
		A31A2E9727D343D900C26994 = {
			isa = PBXGroup;
			children = (
				A31A2EA227D343D900C26994 /* week9 */,
				A31A2EA127D343D900C26994 /* Products */,
			);
			sourceTree = "<group>";
		};
		A31A2EA127D343D900C26994 /* Products */ = {
			isa = PBXGroup;
			children = (
				A31A2EA027D343D900C26994 /* week9.app */,
			);
			name = Products;
			sourceTree = "<group>";
		};
		A31A2EA227D343D900C26994 /* week9 */ = {
			isa = PBXGroup;
			children = (
				A31A2EC027D3448C00C26994 /* Cell */,
				A31A2EBB27D3440800C26994 /* Model */,
				A31A2EBA27D343DF00C26994 /* Controller */,
				A31A2EA327D343D900C26994 /* AppDelegate.swift */,
				A31A2EA527D343D900C26994 /* SceneDelegate.swift */,
				A31A2EA927D343D900C26994 /* Main.storyboard */,
				A31A2EAF27D343DA00C26994 /* Assets.xcassets */,
				A31A2EB127D343DA00C26994 /* LaunchScreen.storyboard */,
				A31A2EB427D343DA00C26994 /* Info.plist */,
				A31A2EAC27D343D900C26994 /* week9.xcdatamodeld */,
			);
			path = week9;
			sourceTree = "<group>";
		};
		A31A2EBA27D343DF00C26994 /* Controller */ = {
			isa = PBXGroup;
			children = (
				A31A2EA727D343D900C26994 /* ReservationLayoutViewController.swift */,
			);
			path = Controller;
			sourceTree = "<group>";
		};
		A31A2EBB27D3440800C26994 /* Model */ = {
			isa = PBXGroup;
			children = (
				A31A2EBC27D3442000C26994 /* CodeSendRequestModel.swift */,
				A31A2EBE27D3443000C26994 /* CodeCheckRequestModel.swift */,
			);
			path = Model;
			sourceTree = "<group>";
		};
		A31A2EC027D3448C00C26994 /* Cell */ = {
			isa = PBXGroup;
			children = (
				A31A2EC127D344B200C26994 /* ReservationInsertCell.swift */,
				A31A2EC227D344B200C26994 /* ReservationInsertCell.xib */,
			);
			path = Cell;
			sourceTree = "<group>";
		};
/* End PBXGroup section */

/* Begin PBXNativeTarget section */
		A31A2E9F27D343D900C26994 /* week9 */ = {
			isa = PBXNativeTarget;
			buildConfigurationList = A31A2EB727D343DA00C26994 /* Build configuration list for PBXNativeTarget "week9" */;
			buildPhases = (
				A31A2E9C27D343D900C26994 /* Sources */,
				A31A2E9D27D343D900C26994 /* Frameworks */,
				A31A2E9E27D343D900C26994 /* Resources */,
			);
			buildRules = (
			);
			dependencies = (
			);
			name = week9;
			productName = week9;
			productReference = A31A2EA027D343D900C26994 /* week9.app */;
			productType = "com.apple.product-type.application";
		};
/* End PBXNativeTarget section */

/* Begin PBXProject section */
		A31A2E9827D343D900C26994 /* Project object */ = {
			isa = PBXProject;
			attributes = {
				BuildIndependentTargetsInParallel = 1;
				LastSwiftUpdateCheck = 1320;
				LastUpgradeCheck = 1320;
				TargetAttributes = {
					A31A2E9F27D343D900C26994 = {
						CreatedOnToolsVersion = 13.2.1;
					};
				};
			};
			buildConfigurationList = A31A2E9B27D343D900C26994 /* Build configuration list for PBXProject "week9" */;
			compatibilityVersion = "Xcode 13.0";
			developmentRegion = en;
			hasScannedForEncodings = 0;
			knownRegions = (
				en,
				Base,
			);
			mainGroup = A31A2E9727D343D900C26994;
			productRefGroup = A31A2EA127D343D900C26994 /* Products */;
			projectDirPath = "";
			projectRoot = "";
			targets = (
				A31A2E9F27D343D900C26994 /* week9 */,
			);
		};
/* End PBXProject section */

/* Begin PBXResourcesBuildPhase section */
		A31A2E9E27D343D900C26994 /* Resources */ = {
			isa = PBXResourcesBuildPhase;
			buildActionMask = 2147483647;
			files = (
				A31A2EB327D343DA00C26994 /* LaunchScreen.storyboard in Resources */,
				A31A2EC427D344B200C26994 /* ReservationInsertCell.xib in Resources */,
				A31A2EB027D343DA00C26994 /* Assets.xcassets in Resources */,
				A31A2EAB27D343D900C26994 /* Main.storyboard in Resources */,
			);
			runOnlyForDeploymentPostprocessing = 0;
		};
/* End PBXResourcesBuildPhase section */

/* Begin PBXSourcesBuildPhase section */
		A31A2E9C27D343D900C26994 /* Sources */ = {
			isa = PBXSourcesBuildPhase;
			buildActionMask = 2147483647;
			files = (
				A31A2EBD27D3442000C26994 /* CodeSendRequestModel.swift in Sources */,
				A31A2EA827D343D900C26994 /* ReservationLayoutViewController.swift in Sources */,
				A31A2EA427D343D900C26994 /* AppDelegate.swift in Sources */,
				A31A2EC327D344B200C26994 /* ReservationInsertCell.swift in Sources */,
				A31A2EA627D343D900C26994 /* SceneDelegate.swift in Sources */,
				A31A2EAE27D343D900C26994 /* week9.xcdatamodeld in Sources */,
				A31A2EBF27D3443000C26994 /* CodeCheckRequestModel.swift in Sources */,
			);
			runOnlyForDeploymentPostprocessing = 0;
		};
/* End PBXSourcesBuildPhase section */

/* Begin PBXVariantGroup section */
		A31A2EA927D343D900C26994 /* Main.storyboard */ = {
			isa = PBXVariantGroup;
			children = (
				A31A2EAA27D343D900C26994 /* Base */,
			);
			name = Main.storyboard;
			sourceTree = "<group>";
		};
		A31A2EB127D343DA00C26994 /* LaunchScreen.storyboard */ = {
			isa = PBXVariantGroup;
			children = (
				A31A2EB227D343DA00C26994 /* Base */,
			);
			name = LaunchScreen.storyboard;
			sourceTree = "<group>";
		};
/* End PBXVariantGroup section */

/* Begin XCBuildConfiguration section */
		A31A2EB527D343DA00C26994 /* Debug */ = {
			isa = XCBuildConfiguration;
			buildSettings = {
				ALWAYS_SEARCH_USER_PATHS = NO;
				CLANG_ANALYZER_NONNULL = YES;
				CLANG_ANALYZER_NUMBER_OBJECT_CONVERSION = YES_AGGRESSIVE;
				CLANG_CXX_LANGUAGE_STANDARD = "gnu++17";
				CLANG_CXX_LIBRARY = "libc++";
				CLANG_ENABLE_MODULES = YES;
				CLANG_ENABLE_OBJC_ARC = YES;
				CLANG_ENABLE_OBJC_WEAK = YES;
				CLANG_WARN_BLOCK_CAPTURE_AUTORELEASING = YES;
				CLANG_WARN_BOOL_CONVERSION = YES;
				CLANG_WARN_COMMA = YES;
				CLANG_WARN_CONSTANT_CONVERSION = YES;
				CLANG_WARN_DEPRECATED_OBJC_IMPLEMENTATIONS = YES;
				CLANG_WARN_DIRECT_OBJC_ISA_USAGE = YES_ERROR;
				CLANG_WARN_DOCUMENTATION_COMMENTS = YES;
				CLANG_WARN_EMPTY_BODY = YES;
				CLANG_WARN_ENUM_CONVERSION = YES;
				CLANG_WARN_INFINITE_RECURSION = YES;
				CLANG_WARN_INT_CONVERSION = YES;
				CLANG_WARN_NON_LITERAL_NULL_CONVERSION = YES;
				CLANG_WARN_OBJC_IMPLICIT_RETAIN_SELF = YES;
				CLANG_WARN_OBJC_LITERAL_CONVERSION = YES;
				CLANG_WARN_OBJC_ROOT_CLASS = YES_ERROR;
				CLANG_WARN_QUOTED_INCLUDE_IN_FRAMEWORK_HEADER = YES;
				CLANG_WARN_RANGE_LOOP_ANALYSIS = YES;
				CLANG_WARN_STRICT_PROTOTYPES = YES;
				CLANG_WARN_SUSPICIOUS_MOVE = YES;
				CLANG_WARN_UNGUARDED_AVAILABILITY = YES_AGGRESSIVE;
				CLANG_WARN_UNREACHABLE_CODE = YES;
				CLANG_WARN__DUPLICATE_METHOD_MATCH = YES;
				COPY_PHASE_STRIP = NO;
				DEBUG_INFORMATION_FORMAT = dwarf;
				ENABLE_STRICT_OBJC_MSGSEND = YES;
				ENABLE_TESTABILITY = YES;
				GCC_C_LANGUAGE_STANDARD = gnu11;
				GCC_DYNAMIC_NO_PIC = NO;
				GCC_NO_COMMON_BLOCKS = YES;
				GCC_OPTIMIZATION_LEVEL = 0;
				GCC_PREPROCESSOR_DEFINITIONS = (
					"DEBUG=1",
					"$(inherited)",
				);
				GCC_WARN_64_TO_32_BIT_CONVERSION = YES;
				GCC_WARN_ABOUT_RETURN_TYPE = YES_ERROR;
				GCC_WARN_UNDECLARED_SELECTOR = YES;
				GCC_WARN_UNINITIALIZED_AUTOS = YES_AGGRESSIVE;
				GCC_WARN_UNUSED_FUNCTION = YES;
				GCC_WARN_UNUSED_VARIABLE = YES;
				IPHONEOS_DEPLOYMENT_TARGET = 15.2;
				MTL_ENABLE_DEBUG_INFO = INCLUDE_SOURCE;
				MTL_FAST_MATH = YES;
				ONLY_ACTIVE_ARCH = YES;
				SDKROOT = iphoneos;
				SWIFT_ACTIVE_COMPILATION_CONDITIONS = DEBUG;
				SWIFT_OPTIMIZATION_LEVEL = "-Onone";
			};
			name = Debug;
		};
		A31A2EB627D343DA00C26994 /* Release */ = {
			isa = XCBuildConfiguration;
			buildSettings = {
				ALWAYS_SEARCH_USER_PATHS = NO;
				CLANG_ANALYZER_NONNULL = YES;
				CLANG_ANALYZER_NUMBER_OBJECT_CONVERSION = YES_AGGRESSIVE;
				CLANG_CXX_LANGUAGE_STANDARD = "gnu++17";
				CLANG_CXX_LIBRARY = "libc++";
				CLANG_ENABLE_MODULES = YES;
				CLANG_ENABLE_OBJC_ARC = YES;
				CLANG_ENABLE_OBJC_WEAK = YES;
				CLANG_WARN_BLOCK_CAPTURE_AUTORELEASING = YES;
				CLANG_WARN_BOOL_CONVERSION = YES;
				CLANG_WARN_COMMA = YES;
				CLANG_WARN_CONSTANT_CONVERSION = YES;
				CLANG_WARN_DEPRECATED_OBJC_IMPLEMENTATIONS = YES;
				CLANG_WARN_DIRECT_OBJC_ISA_USAGE = YES_ERROR;
				CLANG_WARN_DOCUMENTATION_COMMENTS = YES;
				CLANG_WARN_EMPTY_BODY = YES;
				CLANG_WARN_ENUM_CONVERSION = YES;
				CLANG_WARN_INFINITE_RECURSION = YES;
				CLANG_WARN_INT_CONVERSION = YES;
				CLANG_WARN_NON_LITERAL_NULL_CONVERSION = YES;
				CLANG_WARN_OBJC_IMPLICIT_RETAIN_SELF = YES;
				CLANG_WARN_OBJC_LITERAL_CONVERSION = YES;
				CLANG_WARN_OBJC_ROOT_CLASS = YES_ERROR;
				CLANG_WARN_QUOTED_INCLUDE_IN_FRAMEWORK_HEADER = YES;
				CLANG_WARN_RANGE_LOOP_ANALYSIS = YES;
				CLANG_WARN_STRICT_PROTOTYPES = YES;
				CLANG_WARN_SUSPICIOUS_MOVE = YES;
				CLANG_WARN_UNGUARDED_AVAILABILITY = YES_AGGRESSIVE;
				CLANG_WARN_UNREACHABLE_CODE = YES;
				CLANG_WARN__DUPLICATE_METHOD_MATCH = YES;
				COPY_PHASE_STRIP = NO;
				DEBUG_INFORMATION_FORMAT = "dwarf-with-dsym";
				ENABLE_NS_ASSERTIONS = NO;
				ENABLE_STRICT_OBJC_MSGSEND = YES;
				GCC_C_LANGUAGE_STANDARD = gnu11;
				GCC_NO_COMMON_BLOCKS = YES;
				GCC_WARN_64_TO_32_BIT_CONVERSION = YES;
				GCC_WARN_ABOUT_RETURN_TYPE = YES_ERROR;
				GCC_WARN_UNDECLARED_SELECTOR = YES;
				GCC_WARN_UNINITIALIZED_AUTOS = YES_AGGRESSIVE;
				GCC_WARN_UNUSED_FUNCTION = YES;
				GCC_WARN_UNUSED_VARIABLE = YES;
				IPHONEOS_DEPLOYMENT_TARGET = 15.2;
				MTL_ENABLE_DEBUG_INFO = NO;
				MTL_FAST_MATH = YES;
				SDKROOT = iphoneos;
				SWIFT_COMPILATION_MODE = wholemodule;
				SWIFT_OPTIMIZATION_LEVEL = "-O";
				VALIDATE_PRODUCT = YES;
			};
			name = Release;
		};
		A31A2EB827D343DA00C26994 /* Debug */ = {
			isa = XCBuildConfiguration;
			buildSettings = {
				ASSETCATALOG_COMPILER_APPICON_NAME = AppIcon;
				ASSETCATALOG_COMPILER_GLOBAL_ACCENT_COLOR_NAME = AccentColor;
				CODE_SIGN_STYLE = Automatic;
				CURRENT_PROJECT_VERSION = 1;
				DEVELOPMENT_TEAM = TBABXXTCTL;
				GENERATE_INFOPLIST_FILE = YES;
				INFOPLIST_FILE = week9/Info.plist;
				INFOPLIST_KEY_UIApplicationSupportsIndirectInputEvents = YES;
				INFOPLIST_KEY_UILaunchStoryboardName = LaunchScreen;
				INFOPLIST_KEY_UIMainStoryboardFile = Main;
				INFOPLIST_KEY_UISupportedInterfaceOrientations_iPad = "UIInterfaceOrientationPortrait UIInterfaceOrientationPortraitUpsideDown UIInterfaceOrientationLandscapeLeft UIInterfaceOrientationLandscapeRight";
				INFOPLIST_KEY_UISupportedInterfaceOrientations_iPhone = "UIInterfaceOrientationPortrait UIInterfaceOrientationLandscapeLeft UIInterfaceOrientationLandscapeRight";
				LD_RUNPATH_SEARCH_PATHS = (
					"$(inherited)",
					"@executable_path/Frameworks",
				);
				MARKETING_VERSION = 1.0;
				PRODUCT_BUNDLE_IDENTIFIER = com.bkoc.trkcll.week9;
				PRODUCT_NAME = "$(TARGET_NAME)";
				SWIFT_EMIT_LOC_STRINGS = YES;
				SWIFT_VERSION = 5.0;
				TARGETED_DEVICE_FAMILY = "1,2";
			};
			name = Debug;
		};
		A31A2EB927D343DA00C26994 /* Release */ = {
			isa = XCBuildConfiguration;
			buildSettings = {
				ASSETCATALOG_COMPILER_APPICON_NAME = AppIcon;
				ASSETCATALOG_COMPILER_GLOBAL_ACCENT_COLOR_NAME = AccentColor;
				CODE_SIGN_STYLE = Automatic;
				CURRENT_PROJECT_VERSION = 1;
				DEVELOPMENT_TEAM = TBABXXTCTL;
				GENERATE_INFOPLIST_FILE = YES;
				INFOPLIST_FILE = week9/Info.plist;
				INFOPLIST_KEY_UIApplicationSupportsIndirectInputEvents = YES;
				INFOPLIST_KEY_UILaunchStoryboardName = LaunchScreen;
				INFOPLIST_KEY_UIMainStoryboardFile = Main;
				INFOPLIST_KEY_UISupportedInterfaceOrientations_iPad = "UIInterfaceOrientationPortrait UIInterfaceOrientationPortraitUpsideDown UIInterfaceOrientationLandscapeLeft UIInterfaceOrientationLandscapeRight";
				INFOPLIST_KEY_UISupportedInterfaceOrientations_iPhone = "UIInterfaceOrientationPortrait UIInterfaceOrientationLandscapeLeft UIInterfaceOrientationLandscapeRight";
				LD_RUNPATH_SEARCH_PATHS = (
					"$(inherited)",
					"@executable_path/Frameworks",
				);
				MARKETING_VERSION = 1.0;
				PRODUCT_BUNDLE_IDENTIFIER = com.bkoc.trkcll.week9;
				PRODUCT_NAME = "$(TARGET_NAME)";
				SWIFT_EMIT_LOC_STRINGS = YES;
				SWIFT_VERSION = 5.0;
				TARGETED_DEVICE_FAMILY = "1,2";
			};
			name = Release;
		};
/* End XCBuildConfiguration section */

/* Begin XCConfigurationList section */
		A31A2E9B27D343D900C26994 /* Build configuration list for PBXProject "week9" */ = {
			isa = XCConfigurationList;
			buildConfigurations = (
				A31A2EB527D343DA00C26994 /* Debug */,
				A31A2EB627D343DA00C26994 /* Release */,
			);
			defaultConfigurationIsVisible = 0;
			defaultConfigurationName = Release;
		};
		A31A2EB727D343DA00C26994 /* Build configuration list for PBXNativeTarget "week9" */ = {
			isa = XCConfigurationList;
			buildConfigurations = (
				A31A2EB827D343DA00C26994 /* Debug */,
				A31A2EB927D343DA00C26994 /* Release */,
			);
			defaultConfigurationIsVisible = 0;
			defaultConfigurationName = Release;
		};
/* End XCConfigurationList section */

/* Begin XCVersionGroup section */
		A31A2EAC27D343D900C26994 /* week9.xcdatamodeld */ = {
			isa = XCVersionGroup;
			children = (
				A31A2EAD27D343D900C26994 /* week9.xcdatamodel */,
			);
			currentVersion = A31A2EAD27D343D900C26994 /* week9.xcdatamodel */;
			path = week9.xcdatamodeld;
			sourceTree = "<group>";
			versionGroupType = wrapper.xcdatamodel;
		};
/* End XCVersionGroup section */
	};
	rootObject = A31A2E9827D343D900C26994 /* Project object */;
}
